
Microsoft Visual Studio Solution File, Format Version 12.00
# Visual Studio 15
VisualStudioVersion = 15.0.26403.3
MinimumVisualStudioVersion = 10.0.40219.1
Project("{EDCC3B85-0BAD-11DB-BC1A-00112FDE8B61}") = "Ammy.Ast", "src\Core\Ammy.Ast\Ammy.Ast.nproj", "{EC5CDAD4-E1F9-4518-90CC-81CF6F9DA778}"
EndProject
Project("{FAE04EC0-301F-11D3-BF4B-00C04F79EFBC}") = "Ammy.Sidekick.Common", "src\Platforms\Ammy.Sidekick.Common\Ammy.Sidekick.Common.csproj", "{388A94D5-246F-4192-8C3E-89852F3181D6}"
	ProjectSection(ProjectDependencies) = postProject
		{6EA83C76-9CF6-4119-B81A-B8D876359A69} = {6EA83C76-9CF6-4119-B81A-B8D876359A69}
	EndProjectSection
EndProject
Project("{2150E333-8FDC-42A3-9474-1A3956D46DE8}") = "Platforms", "Platforms", "{9E6BF1C2-CA41-4A1B-9ACE-FEFA05C94A02}"
EndProject
Project("{2150E333-8FDC-42A3-9474-1A3956D46DE8}") = "Sidekick", "Sidekick", "{2F55AC6A-1F35-43AB-B4C4-81E98F910695}"
EndProject
Project("{FAE04EC0-301F-11D3-BF4B-00C04F79EFBC}") = "Ammy.Build", "src\Core\Ammy.Build\Ammy.Build.csproj", "{B53B5DC5-26FE-42E6-8919-517C8688376F}"
	ProjectSection(ProjectDependencies) = postProject
		{A207BA5E-27ED-4C44-A88D-81CCC119490D} = {A207BA5E-27ED-4C44-A88D-81CCC119490D}
	EndProjectSection
EndProject
Project("{2150E333-8FDC-42A3-9474-1A3956D46DE8}") = "IDE", "IDE", "{D5B79706-0EFB-4294-B5BE-E9CE5A5FD724}"
EndProject
Project("{FAE04EC0-301F-11D3-BF4B-00C04F79EFBC}") = "Ammy.VisualStudio", "src\IDE\Ammy.VisualStudio\Ammy.VisualStudio.csproj", "{55761EA5-47D1-448D-98B0-FCC52A714B91}"
	ProjectSection(ProjectDependencies) = postProject
		{B53B5DC5-26FE-42E6-8919-517C8688376F} = {B53B5DC5-26FE-42E6-8919-517C8688376F}
		{EC5CDAD4-E1F9-4518-90CC-81CF6F9DA778} = {EC5CDAD4-E1F9-4518-90CC-81CF6F9DA778}
		{388A94D5-246F-4192-8C3E-89852F3181D6} = {388A94D5-246F-4192-8C3E-89852F3181D6}
		{C8C251EA-52C9-44F3-AC25-F7795DCCFBA0} = {C8C251EA-52C9-44F3-AC25-F7795DCCFBA0}
		{3F6612F1-B749-40DA-B2F8-B61B4E22C547} = {3F6612F1-B749-40DA-B2F8-B61B4E22C547}
	EndProjectSection
EndProject
Project("{FAE04EC0-301F-11D3-BF4B-00C04F79EFBC}") = "Ammy.VisualStudio.Service", "src\IDE\Ammy.VisualStudio.Service\Ammy.VisualStudio.Service.csproj", "{C8C251EA-52C9-44F3-AC25-F7795DCCFBA0}"
EndProject
Project("{FAE04EC0-301F-11D3-BF4B-00C04F79EFBC}") = "Ammy.VisualStudio.ItemTemplates", "src\IDE\Ammy.VisualStudio.ItemTemplates\Ammy.VisualStudio.ItemTemplates.csproj", "{2EB76381-EA4C-43D1-9341-958C5FF6A8ED}"
EndProject
Project("{EDCC3B85-0BAD-11DB-BC1A-00112FDE8B61}") = "Ammy.Backend", "src\Core\Ammy.Backend\Ammy.Backend.nproj", "{3F6612F1-B749-40DA-B2F8-B61B4E22C547}"
EndProject
Project("{EDCC3B85-0BAD-11DB-BC1A-00112FDE8B61}") = "Ammy.AstBase", "src\Core\Ammy.AstBase\Ammy.AstBase.nproj", "{BD975029-C6FC-4AD4-A456-3368F7BF8452}"
EndProject
Project("{EDCC3B85-0BAD-11DB-BC1A-00112FDE8B61}") = "Ammy.Syntax", "src\Core\Ammy.Syntax\Ammy.Syntax.nproj", "{6EA83C76-9CF6-4119-B81A-B8D876359A69}"
EndProject
Project("{FAE04EC0-301F-11D3-BF4B-00C04F79EFBC}") = "Ammy.BamlCompilerWPF", "src\Core\Ammy.BamlCompilerWPF\Ammy.BamlCompilerWPF.csproj", "{A207BA5E-27ED-4C44-A88D-81CCC119490D}"
EndProject
Project("{FAE04EC0-301F-11D3-BF4B-00C04F79EFBC}") = "Ammy.Host", "src\Core\Ammy.Host\Ammy.Host.csproj", "{CF1235A7-BBB7-4473-9222-6B891B3FD65D}"
EndProject
Project("{FAE04EC0-301F-11D3-BF4B-00C04F79EFBC}") = "Ammy.Platforms", "src\Core\Ammy.Platforms\Ammy.Platforms.csproj", "{6E35138D-7436-425C-9E7A-2D5A9B30B3EE}"
EndProject
Project("{FAE04EC0-301F-11D3-BF4B-00C04F79EFBC}") = "Ammy.Sidekick.XamarinForms", "src\Platforms\Ammy.Sidekick.XamarinForms\Ammy.Sidekick.XamarinForms.csproj", "{67F9D3A8-F71E-4428-913F-C37AE82CDB24}"
	ProjectSection(ProjectDependencies) = postProject
		{6EA83C76-9CF6-4119-B81A-B8D876359A69} = {6EA83C76-9CF6-4119-B81A-B8D876359A69}
	EndProjectSection
EndProject
Project("{FAE04EC0-301F-11D3-BF4B-00C04F79EFBC}") = "Ammy.Sidekick.Uwp", "src\Platforms\Ammy.Sidekick.Uwp\Ammy.Sidekick.Uwp.csproj", "{426E47B2-A85E-4395-A36B-A9CE050278EA}"
	ProjectSection(ProjectDependencies) = postProject
		{6EA83C76-9CF6-4119-B81A-B8D876359A69} = {6EA83C76-9CF6-4119-B81A-B8D876359A69}
	EndProjectSection
EndProject
Global
	GlobalSection(SolutionConfigurationPlatforms) = preSolution
		Debug|Any CPU = Debug|Any CPU
		Debug|ARM = Debug|ARM
		Debug|x64 = Debug|x64
		Debug|x86 = Debug|x86
		Release|Any CPU = Release|Any CPU
		Release|ARM = Release|ARM
		Release|x64 = Release|x64
		Release|x86 = Release|x86
	EndGlobalSection
	GlobalSection(ProjectConfigurationPlatforms) = postSolution
		{EC5CDAD4-E1F9-4518-90CC-81CF6F9DA778}.Debug|Any CPU.ActiveCfg = Debug|Any CPU
		{EC5CDAD4-E1F9-4518-90CC-81CF6F9DA778}.Debug|Any CPU.Build.0 = Debug|Any CPU
		{EC5CDAD4-E1F9-4518-90CC-81CF6F9DA778}.Debug|ARM.ActiveCfg = Debug|Any CPU
		{EC5CDAD4-E1F9-4518-90CC-81CF6F9DA778}.Debug|ARM.Build.0 = Debug|Any CPU
		{EC5CDAD4-E1F9-4518-90CC-81CF6F9DA778}.Debug|x64.ActiveCfg = Debug|Any CPU
		{EC5CDAD4-E1F9-4518-90CC-81CF6F9DA778}.Debug|x64.Build.0 = Debug|Any CPU
		{EC5CDAD4-E1F9-4518-90CC-81CF6F9DA778}.Debug|x86.ActiveCfg = Debug|Any CPU
		{EC5CDAD4-E1F9-4518-90CC-81CF6F9DA778}.Debug|x86.Build.0 = Debug|Any CPU
		{EC5CDAD4-E1F9-4518-90CC-81CF6F9DA778}.Release|Any CPU.ActiveCfg = Release|Any CPU
		{EC5CDAD4-E1F9-4518-90CC-81CF6F9DA778}.Release|Any CPU.Build.0 = Release|Any CPU
		{EC5CDAD4-E1F9-4518-90CC-81CF6F9DA778}.Release|ARM.ActiveCfg = Release|Any CPU
		{EC5CDAD4-E1F9-4518-90CC-81CF6F9DA778}.Release|ARM.Build.0 = Release|Any CPU
		{EC5CDAD4-E1F9-4518-90CC-81CF6F9DA778}.Release|x64.ActiveCfg = Release|Any CPU
		{EC5CDAD4-E1F9-4518-90CC-81CF6F9DA778}.Release|x64.Build.0 = Release|Any CPU
		{EC5CDAD4-E1F9-4518-90CC-81CF6F9DA778}.Release|x86.ActiveCfg = Release|Any CPU
		{EC5CDAD4-E1F9-4518-90CC-81CF6F9DA778}.Release|x86.Build.0 = Release|Any CPU
		{388A94D5-246F-4192-8C3E-89852F3181D6}.Debug|Any CPU.ActiveCfg = Debug|Any CPU
		{388A94D5-246F-4192-8C3E-89852F3181D6}.Debug|Any CPU.Build.0 = Debug|Any CPU
		{388A94D5-246F-4192-8C3E-89852F3181D6}.Debug|ARM.ActiveCfg = Debug|Any CPU
		{388A94D5-246F-4192-8C3E-89852F3181D6}.Debug|ARM.Build.0 = Debug|Any CPU
		{388A94D5-246F-4192-8C3E-89852F3181D6}.Debug|x64.ActiveCfg = Debug|Any CPU
		{388A94D5-246F-4192-8C3E-89852F3181D6}.Debug|x64.Build.0 = Debug|Any CPU
		{388A94D5-246F-4192-8C3E-89852F3181D6}.Debug|x86.ActiveCfg = Debug|Any CPU
		{388A94D5-246F-4192-8C3E-89852F3181D6}.Debug|x86.Build.0 = Debug|Any CPU
		{388A94D5-246F-4192-8C3E-89852F3181D6}.Release|Any CPU.ActiveCfg = Release|Any CPU
		{388A94D5-246F-4192-8C3E-89852F3181D6}.Release|Any CPU.Build.0 = Release|Any CPU
		{388A94D5-246F-4192-8C3E-89852F3181D6}.Release|ARM.ActiveCfg = Release|Any CPU
		{388A94D5-246F-4192-8C3E-89852F3181D6}.Release|ARM.Build.0 = Release|Any CPU
		{388A94D5-246F-4192-8C3E-89852F3181D6}.Release|x64.ActiveCfg = Release|Any CPU
		{388A94D5-246F-4192-8C3E-89852F3181D6}.Release|x64.Build.0 = Release|Any CPU
		{388A94D5-246F-4192-8C3E-89852F3181D6}.Release|x86.ActiveCfg = Release|Any CPU
		{388A94D5-246F-4192-8C3E-89852F3181D6}.Release|x86.Build.0 = Release|Any CPU
		{B53B5DC5-26FE-42E6-8919-517C8688376F}.Debug|Any CPU.ActiveCfg = Debug|Any CPU
		{B53B5DC5-26FE-42E6-8919-517C8688376F}.Debug|Any CPU.Build.0 = Debug|Any CPU
		{B53B5DC5-26FE-42E6-8919-517C8688376F}.Debug|ARM.ActiveCfg = Debug|Any CPU
		{B53B5DC5-26FE-42E6-8919-517C8688376F}.Debug|ARM.Build.0 = Debug|Any CPU
		{B53B5DC5-26FE-42E6-8919-517C8688376F}.Debug|x64.ActiveCfg = Debug|Any CPU
		{B53B5DC5-26FE-42E6-8919-517C8688376F}.Debug|x64.Build.0 = Debug|Any CPU
		{B53B5DC5-26FE-42E6-8919-517C8688376F}.Debug|x86.ActiveCfg = Debug|Any CPU
		{B53B5DC5-26FE-42E6-8919-517C8688376F}.Debug|x86.Build.0 = Debug|Any CPU
		{B53B5DC5-26FE-42E6-8919-517C8688376F}.Release|Any CPU.ActiveCfg = Release|Any CPU
		{B53B5DC5-26FE-42E6-8919-517C8688376F}.Release|Any CPU.Build.0 = Release|Any CPU
		{B53B5DC5-26FE-42E6-8919-517C8688376F}.Release|ARM.ActiveCfg = Release|Any CPU
		{B53B5DC5-26FE-42E6-8919-517C8688376F}.Release|ARM.Build.0 = Release|Any CPU
		{B53B5DC5-26FE-42E6-8919-517C8688376F}.Release|x64.ActiveCfg = Release|Any CPU
		{B53B5DC5-26FE-42E6-8919-517C8688376F}.Release|x64.Build.0 = Release|Any CPU
		{B53B5DC5-26FE-42E6-8919-517C8688376F}.Release|x86.ActiveCfg = Release|Any CPU
		{B53B5DC5-26FE-42E6-8919-517C8688376F}.Release|x86.Build.0 = Release|Any CPU
		{55761EA5-47D1-448D-98B0-FCC52A714B91}.Debug|Any CPU.ActiveCfg = Debug|Any CPU
		{55761EA5-47D1-448D-98B0-FCC52A714B91}.Debug|Any CPU.Build.0 = Debug|Any CPU
		{55761EA5-47D1-448D-98B0-FCC52A714B91}.Debug|ARM.ActiveCfg = Debug|Any CPU
		{55761EA5-47D1-448D-98B0-FCC52A714B91}.Debug|ARM.Build.0 = Debug|Any CPU
		{55761EA5-47D1-448D-98B0-FCC52A714B91}.Debug|x64.ActiveCfg = Debug|Any CPU
		{55761EA5-47D1-448D-98B0-FCC52A714B91}.Debug|x64.Build.0 = Debug|Any CPU
		{55761EA5-47D1-448D-98B0-FCC52A714B91}.Debug|x86.ActiveCfg = Debug|Any CPU
		{55761EA5-47D1-448D-98B0-FCC52A714B91}.Debug|x86.Build.0 = Debug|Any CPU
		{55761EA5-47D1-448D-98B0-FCC52A714B91}.Release|Any CPU.ActiveCfg = Release|Any CPU
		{55761EA5-47D1-448D-98B0-FCC52A714B91}.Release|Any CPU.Build.0 = Release|Any CPU
		{55761EA5-47D1-448D-98B0-FCC52A714B91}.Release|ARM.ActiveCfg = Release|Any CPU
		{55761EA5-47D1-448D-98B0-FCC52A714B91}.Release|ARM.Build.0 = Release|Any CPU
		{55761EA5-47D1-448D-98B0-FCC52A714B91}.Release|x64.ActiveCfg = Release|Any CPU
		{55761EA5-47D1-448D-98B0-FCC52A714B91}.Release|x64.Build.0 = Release|Any CPU
		{55761EA5-47D1-448D-98B0-FCC52A714B91}.Release|x86.ActiveCfg = Release|Any CPU
		{55761EA5-47D1-448D-98B0-FCC52A714B91}.Release|x86.Build.0 = Release|Any CPU
		{C8C251EA-52C9-44F3-AC25-F7795DCCFBA0}.Debug|Any CPU.ActiveCfg = Debug|Any CPU
		{C8C251EA-52C9-44F3-AC25-F7795DCCFBA0}.Debug|Any CPU.Build.0 = Debug|Any CPU
		{C8C251EA-52C9-44F3-AC25-F7795DCCFBA0}.Debug|ARM.ActiveCfg = Debug|Any CPU
		{C8C251EA-52C9-44F3-AC25-F7795DCCFBA0}.Debug|ARM.Build.0 = Debug|Any CPU
		{C8C251EA-52C9-44F3-AC25-F7795DCCFBA0}.Debug|x64.ActiveCfg = Debug|Any CPU
		{C8C251EA-52C9-44F3-AC25-F7795DCCFBA0}.Debug|x64.Build.0 = Debug|Any CPU
		{C8C251EA-52C9-44F3-AC25-F7795DCCFBA0}.Debug|x86.ActiveCfg = Debug|Any CPU
		{C8C251EA-52C9-44F3-AC25-F7795DCCFBA0}.Debug|x86.Build.0 = Debug|Any CPU
		{C8C251EA-52C9-44F3-AC25-F7795DCCFBA0}.Release|Any CPU.ActiveCfg = Release|Any CPU
		{C8C251EA-52C9-44F3-AC25-F7795DCCFBA0}.Release|Any CPU.Build.0 = Release|Any CPU
		{C8C251EA-52C9-44F3-AC25-F7795DCCFBA0}.Release|ARM.ActiveCfg = Release|Any CPU
		{C8C251EA-52C9-44F3-AC25-F7795DCCFBA0}.Release|ARM.Build.0 = Release|Any CPU
		{C8C251EA-52C9-44F3-AC25-F7795DCCFBA0}.Release|x64.ActiveCfg = Release|Any CPU
		{C8C251EA-52C9-44F3-AC25-F7795DCCFBA0}.Release|x64.Build.0 = Release|Any CPU
		{C8C251EA-52C9-44F3-AC25-F7795DCCFBA0}.Release|x86.ActiveCfg = Release|Any CPU
		{C8C251EA-52C9-44F3-AC25-F7795DCCFBA0}.Release|x86.Build.0 = Release|Any CPU
		{2EB76381-EA4C-43D1-9341-958C5FF6A8ED}.Debug|Any CPU.ActiveCfg = Debug|Any CPU
		{2EB76381-EA4C-43D1-9341-958C5FF6A8ED}.Debug|Any CPU.Build.0 = Debug|Any CPU
		{2EB76381-EA4C-43D1-9341-958C5FF6A8ED}.Debug|ARM.ActiveCfg = Debug|Any CPU
		{2EB76381-EA4C-43D1-9341-958C5FF6A8ED}.Debug|ARM.Build.0 = Debug|Any CPU
		{2EB76381-EA4C-43D1-9341-958C5FF6A8ED}.Debug|x64.ActiveCfg = Debug|Any CPU
		{2EB76381-EA4C-43D1-9341-958C5FF6A8ED}.Debug|x64.Build.0 = Debug|Any CPU
		{2EB76381-EA4C-43D1-9341-958C5FF6A8ED}.Debug|x86.ActiveCfg = Debug|Any CPU
		{2EB76381-EA4C-43D1-9341-958C5FF6A8ED}.Debug|x86.Build.0 = Debug|Any CPU
		{2EB76381-EA4C-43D1-9341-958C5FF6A8ED}.Release|Any CPU.ActiveCfg = Release|Any CPU
		{2EB76381-EA4C-43D1-9341-958C5FF6A8ED}.Release|Any CPU.Build.0 = Release|Any CPU
		{2EB76381-EA4C-43D1-9341-958C5FF6A8ED}.Release|ARM.ActiveCfg = Release|Any CPU
		{2EB76381-EA4C-43D1-9341-958C5FF6A8ED}.Release|ARM.Build.0 = Release|Any CPU
		{2EB76381-EA4C-43D1-9341-958C5FF6A8ED}.Release|x64.ActiveCfg = Release|Any CPU
		{2EB76381-EA4C-43D1-9341-958C5FF6A8ED}.Release|x64.Build.0 = Release|Any CPU
		{2EB76381-EA4C-43D1-9341-958C5FF6A8ED}.Release|x86.ActiveCfg = Release|Any CPU
		{2EB76381-EA4C-43D1-9341-958C5FF6A8ED}.Release|x86.Build.0 = Release|Any CPU
		{3F6612F1-B749-40DA-B2F8-B61B4E22C547}.Debug|Any CPU.ActiveCfg = Debug|Any CPU
		{3F6612F1-B749-40DA-B2F8-B61B4E22C547}.Debug|Any CPU.Build.0 = Debug|Any CPU
		{3F6612F1-B749-40DA-B2F8-B61B4E22C547}.Debug|ARM.ActiveCfg = Debug|Any CPU
		{3F6612F1-B749-40DA-B2F8-B61B4E22C547}.Debug|ARM.Build.0 = Debug|Any CPU
		{3F6612F1-B749-40DA-B2F8-B61B4E22C547}.Debug|x64.ActiveCfg = Debug|Any CPU
		{3F6612F1-B749-40DA-B2F8-B61B4E22C547}.Debug|x64.Build.0 = Debug|Any CPU
		{3F6612F1-B749-40DA-B2F8-B61B4E22C547}.Debug|x86.ActiveCfg = Debug|Any CPU
		{3F6612F1-B749-40DA-B2F8-B61B4E22C547}.Debug|x86.Build.0 = Debug|Any CPU
		{3F6612F1-B749-40DA-B2F8-B61B4E22C547}.Release|Any CPU.ActiveCfg = Release|Any CPU
		{3F6612F1-B749-40DA-B2F8-B61B4E22C547}.Release|Any CPU.Build.0 = Release|Any CPU
		{3F6612F1-B749-40DA-B2F8-B61B4E22C547}.Release|ARM.ActiveCfg = Release|Any CPU
		{3F6612F1-B749-40DA-B2F8-B61B4E22C547}.Release|ARM.Build.0 = Release|Any CPU
		{3F6612F1-B749-40DA-B2F8-B61B4E22C547}.Release|x64.ActiveCfg = Release|Any CPU
		{3F6612F1-B749-40DA-B2F8-B61B4E22C547}.Release|x64.Build.0 = Release|Any CPU
		{3F6612F1-B749-40DA-B2F8-B61B4E22C547}.Release|x86.ActiveCfg = Release|Any CPU
		{3F6612F1-B749-40DA-B2F8-B61B4E22C547}.Release|x86.Build.0 = Release|Any CPU
		{BD975029-C6FC-4AD4-A456-3368F7BF8452}.Debug|Any CPU.ActiveCfg = Debug|Any CPU
		{BD975029-C6FC-4AD4-A456-3368F7BF8452}.Debug|Any CPU.Build.0 = Debug|Any CPU
		{BD975029-C6FC-4AD4-A456-3368F7BF8452}.Debug|ARM.ActiveCfg = Debug|Any CPU
		{BD975029-C6FC-4AD4-A456-3368F7BF8452}.Debug|ARM.Build.0 = Debug|Any CPU
		{BD975029-C6FC-4AD4-A456-3368F7BF8452}.Debug|x64.ActiveCfg = Debug|Any CPU
		{BD975029-C6FC-4AD4-A456-3368F7BF8452}.Debug|x64.Build.0 = Debug|Any CPU
		{BD975029-C6FC-4AD4-A456-3368F7BF8452}.Debug|x86.ActiveCfg = Debug|Any CPU
		{BD975029-C6FC-4AD4-A456-3368F7BF8452}.Debug|x86.Build.0 = Debug|Any CPU
		{BD975029-C6FC-4AD4-A456-3368F7BF8452}.Release|Any CPU.ActiveCfg = Release|Any CPU
		{BD975029-C6FC-4AD4-A456-3368F7BF8452}.Release|Any CPU.Build.0 = Release|Any CPU
		{BD975029-C6FC-4AD4-A456-3368F7BF8452}.Release|ARM.ActiveCfg = Release|Any CPU
		{BD975029-C6FC-4AD4-A456-3368F7BF8452}.Release|ARM.Build.0 = Release|Any CPU
		{BD975029-C6FC-4AD4-A456-3368F7BF8452}.Release|x64.ActiveCfg = Release|Any CPU
		{BD975029-C6FC-4AD4-A456-3368F7BF8452}.Release|x64.Build.0 = Release|Any CPU
		{BD975029-C6FC-4AD4-A456-3368F7BF8452}.Release|x86.ActiveCfg = Release|Any CPU
		{BD975029-C6FC-4AD4-A456-3368F7BF8452}.Release|x86.Build.0 = Release|Any CPU
		{6EA83C76-9CF6-4119-B81A-B8D876359A69}.Debug|Any CPU.ActiveCfg = Debug|Any CPU
		{6EA83C76-9CF6-4119-B81A-B8D876359A69}.Debug|Any CPU.Build.0 = Debug|Any CPU
		{6EA83C76-9CF6-4119-B81A-B8D876359A69}.Debug|ARM.ActiveCfg = Debug|Any CPU
		{6EA83C76-9CF6-4119-B81A-B8D876359A69}.Debug|ARM.Build.0 = Debug|Any CPU
		{6EA83C76-9CF6-4119-B81A-B8D876359A69}.Debug|x64.ActiveCfg = Debug|Any CPU
		{6EA83C76-9CF6-4119-B81A-B8D876359A69}.Debug|x64.Build.0 = Debug|Any CPU
		{6EA83C76-9CF6-4119-B81A-B8D876359A69}.Debug|x86.ActiveCfg = Debug|Any CPU
		{6EA83C76-9CF6-4119-B81A-B8D876359A69}.Debug|x86.Build.0 = Debug|Any CPU
		{6EA83C76-9CF6-4119-B81A-B8D876359A69}.Release|Any CPU.ActiveCfg = Release|Any CPU
		{6EA83C76-9CF6-4119-B81A-B8D876359A69}.Release|Any CPU.Build.0 = Release|Any CPU
		{6EA83C76-9CF6-4119-B81A-B8D876359A69}.Release|ARM.ActiveCfg = Release|Any CPU
		{6EA83C76-9CF6-4119-B81A-B8D876359A69}.Release|ARM.Build.0 = Release|Any CPU
		{6EA83C76-9CF6-4119-B81A-B8D876359A69}.Release|x64.ActiveCfg = Release|Any CPU
		{6EA83C76-9CF6-4119-B81A-B8D876359A69}.Release|x64.Build.0 = Release|Any CPU
		{6EA83C76-9CF6-4119-B81A-B8D876359A69}.Release|x86.ActiveCfg = Release|Any CPU
		{6EA83C76-9CF6-4119-B81A-B8D876359A69}.Release|x86.Build.0 = Release|Any CPU
		{A207BA5E-27ED-4C44-A88D-81CCC119490D}.Debug|Any CPU.ActiveCfg = Debug|Any CPU
		{A207BA5E-27ED-4C44-A88D-81CCC119490D}.Debug|Any CPU.Build.0 = Debug|Any CPU
		{A207BA5E-27ED-4C44-A88D-81CCC119490D}.Debug|ARM.ActiveCfg = Debug|Any CPU
		{A207BA5E-27ED-4C44-A88D-81CCC119490D}.Debug|ARM.Build.0 = Debug|Any CPU
		{A207BA5E-27ED-4C44-A88D-81CCC119490D}.Debug|x64.ActiveCfg = Debug|Any CPU
		{A207BA5E-27ED-4C44-A88D-81CCC119490D}.Debug|x64.Build.0 = Debug|Any CPU
		{A207BA5E-27ED-4C44-A88D-81CCC119490D}.Debug|x86.ActiveCfg = Debug|Any CPU
		{A207BA5E-27ED-4C44-A88D-81CCC119490D}.Debug|x86.Build.0 = Debug|Any CPU
		{A207BA5E-27ED-4C44-A88D-81CCC119490D}.Release|Any CPU.ActiveCfg = Release|Any CPU
		{A207BA5E-27ED-4C44-A88D-81CCC119490D}.Release|Any CPU.Build.0 = Release|Any CPU
		{A207BA5E-27ED-4C44-A88D-81CCC119490D}.Release|ARM.ActiveCfg = Release|Any CPU
		{A207BA5E-27ED-4C44-A88D-81CCC119490D}.Release|ARM.Build.0 = Release|Any CPU
		{A207BA5E-27ED-4C44-A88D-81CCC119490D}.Release|x64.ActiveCfg = Release|Any CPU
		{A207BA5E-27ED-4C44-A88D-81CCC119490D}.Release|x64.Build.0 = Release|Any CPU
		{A207BA5E-27ED-4C44-A88D-81CCC119490D}.Release|x86.ActiveCfg = Release|Any CPU
		{A207BA5E-27ED-4C44-A88D-81CCC119490D}.Release|x86.Build.0 = Release|Any CPU
		{CF1235A7-BBB7-4473-9222-6B891B3FD65D}.Debug|Any CPU.ActiveCfg = Debug|Any CPU
		{CF1235A7-BBB7-4473-9222-6B891B3FD65D}.Debug|Any CPU.Build.0 = Debug|Any CPU
		{CF1235A7-BBB7-4473-9222-6B891B3FD65D}.Debug|ARM.ActiveCfg = Debug|Any CPU
		{CF1235A7-BBB7-4473-9222-6B891B3FD65D}.Debug|ARM.Build.0 = Debug|Any CPU
		{CF1235A7-BBB7-4473-9222-6B891B3FD65D}.Debug|x64.ActiveCfg = Debug|Any CPU
		{CF1235A7-BBB7-4473-9222-6B891B3FD65D}.Debug|x64.Build.0 = Debug|Any CPU
		{CF1235A7-BBB7-4473-9222-6B891B3FD65D}.Debug|x86.ActiveCfg = Debug|Any CPU
		{CF1235A7-BBB7-4473-9222-6B891B3FD65D}.Debug|x86.Build.0 = Debug|Any CPU
		{CF1235A7-BBB7-4473-9222-6B891B3FD65D}.Release|Any CPU.ActiveCfg = Release|Any CPU
		{CF1235A7-BBB7-4473-9222-6B891B3FD65D}.Release|Any CPU.Build.0 = Release|Any CPU
		{CF1235A7-BBB7-4473-9222-6B891B3FD65D}.Release|ARM.ActiveCfg = Release|Any CPU
		{CF1235A7-BBB7-4473-9222-6B891B3FD65D}.Release|ARM.Build.0 = Release|Any CPU
		{CF1235A7-BBB7-4473-9222-6B891B3FD65D}.Release|x64.ActiveCfg = Release|Any CPU
		{CF1235A7-BBB7-4473-9222-6B891B3FD65D}.Release|x64.Build.0 = Release|Any CPU
		{CF1235A7-BBB7-4473-9222-6B891B3FD65D}.Release|x86.ActiveCfg = Release|Any CPU
		{CF1235A7-BBB7-4473-9222-6B891B3FD65D}.Release|x86.Build.0 = Release|Any CPU
		{6E35138D-7436-425C-9E7A-2D5A9B30B3EE}.Debug|Any CPU.ActiveCfg = Debug|Any CPU
		{6E35138D-7436-425C-9E7A-2D5A9B30B3EE}.Debug|Any CPU.Build.0 = Debug|Any CPU
		{6E35138D-7436-425C-9E7A-2D5A9B30B3EE}.Debug|ARM.ActiveCfg = Debug|Any CPU
		{6E35138D-7436-425C-9E7A-2D5A9B30B3EE}.Debug|ARM.Build.0 = Debug|Any CPU
		{6E35138D-7436-425C-9E7A-2D5A9B30B3EE}.Debug|x64.ActiveCfg = Debug|Any CPU
		{6E35138D-7436-425C-9E7A-2D5A9B30B3EE}.Debug|x64.Build.0 = Debug|Any CPU
		{6E35138D-7436-425C-9E7A-2D5A9B30B3EE}.Debug|x86.ActiveCfg = Debug|Any CPU
		{6E35138D-7436-425C-9E7A-2D5A9B30B3EE}.Debug|x86.Build.0 = Debug|Any CPU
		{6E35138D-7436-425C-9E7A-2D5A9B30B3EE}.Release|Any CPU.ActiveCfg = Release|Any CPU
		{6E35138D-7436-425C-9E7A-2D5A9B30B3EE}.Release|Any CPU.Build.0 = Release|Any CPU
		{6E35138D-7436-425C-9E7A-2D5A9B30B3EE}.Release|ARM.ActiveCfg = Release|Any CPU
		{6E35138D-7436-425C-9E7A-2D5A9B30B3EE}.Release|ARM.Build.0 = Release|Any CPU
		{6E35138D-7436-425C-9E7A-2D5A9B30B3EE}.Release|x64.ActiveCfg = Release|Any CPU
		{6E35138D-7436-425C-9E7A-2D5A9B30B3EE}.Release|x64.Build.0 = Release|Any CPU
		{6E35138D-7436-425C-9E7A-2D5A9B30B3EE}.Release|x86.ActiveCfg = Release|Any CPU
		{6E35138D-7436-425C-9E7A-2D5A9B30B3EE}.Release|x86.Build.0 = Release|Any CPU
		{67F9D3A8-F71E-4428-913F-C37AE82CDB24}.Debug|Any CPU.ActiveCfg = Debug|Any CPU
		{67F9D3A8-F71E-4428-913F-C37AE82CDB24}.Debug|Any CPU.Build.0 = Debug|Any CPU
		{67F9D3A8-F71E-4428-913F-C37AE82CDB24}.Debug|ARM.ActiveCfg = Debug|Any CPU
		{67F9D3A8-F71E-4428-913F-C37AE82CDB24}.Debug|ARM.Build.0 = Debug|Any CPU
		{67F9D3A8-F71E-4428-913F-C37AE82CDB24}.Debug|x64.ActiveCfg = Debug|Any CPU
		{67F9D3A8-F71E-4428-913F-C37AE82CDB24}.Debug|x64.Build.0 = Debug|Any CPU
		{67F9D3A8-F71E-4428-913F-C37AE82CDB24}.Debug|x86.ActiveCfg = Debug|Any CPU
		{67F9D3A8-F71E-4428-913F-C37AE82CDB24}.Debug|x86.Build.0 = Debug|Any CPU
		{67F9D3A8-F71E-4428-913F-C37AE82CDB24}.Release|Any CPU.ActiveCfg = Release|Any CPU
		{67F9D3A8-F71E-4428-913F-C37AE82CDB24}.Release|Any CPU.Build.0 = Release|Any CPU
		{67F9D3A8-F71E-4428-913F-C37AE82CDB24}.Release|ARM.ActiveCfg = Release|Any CPU
		{67F9D3A8-F71E-4428-913F-C37AE82CDB24}.Release|ARM.Build.0 = Release|Any CPU
		{67F9D3A8-F71E-4428-913F-C37AE82CDB24}.Release|x64.ActiveCfg = Release|Any CPU
		{67F9D3A8-F71E-4428-913F-C37AE82CDB24}.Release|x64.Build.0 = Release|Any CPU
		{67F9D3A8-F71E-4428-913F-C37AE82CDB24}.Release|x86.ActiveCfg = Release|Any CPU
		{67F9D3A8-F71E-4428-913F-C37AE82CDB24}.Release|x86.Build.0 = Release|Any CPU
		{426E47B2-A85E-4395-A36B-A9CE050278EA}.Debug|Any CPU.ActiveCfg = Debug|Any CPU
		{426E47B2-A85E-4395-A36B-A9CE050278EA}.Debug|Any CPU.Build.0 = Debug|Any CPU
		{426E47B2-A85E-4395-A36B-A9CE050278EA}.Debug|ARM.ActiveCfg = Debug|ARM
		{426E47B2-A85E-4395-A36B-A9CE050278EA}.Debug|ARM.Build.0 = Debug|ARM
		{426E47B2-A85E-4395-A36B-A9CE050278EA}.Debug|x64.ActiveCfg = Debug|x64
		{426E47B2-A85E-4395-A36B-A9CE050278EA}.Debug|x64.Build.0 = Debug|x64
		{426E47B2-A85E-4395-A36B-A9CE050278EA}.Debug|x86.ActiveCfg = Debug|x86
		{426E47B2-A85E-4395-A36B-A9CE050278EA}.Debug|x86.Build.0 = Debug|x86
		{426E47B2-A85E-4395-A36B-A9CE050278EA}.Release|Any CPU.ActiveCfg = Release|Any CPU
		{426E47B2-A85E-4395-A36B-A9CE050278EA}.Release|Any CPU.Build.0 = Release|Any CPU
		{426E47B2-A85E-4395-A36B-A9CE050278EA}.Release|ARM.ActiveCfg = Release|ARM
		{426E47B2-A85E-4395-A36B-A9CE050278EA}.Release|ARM.Build.0 = Release|ARM
		{426E47B2-A85E-4395-A36B-A9CE050278EA}.Release|x64.ActiveCfg = Release|x64
		{426E47B2-A85E-4395-A36B-A9CE050278EA}.Release|x64.Build.0 = Release|x64
		{426E47B2-A85E-4395-A36B-A9CE050278EA}.Release|x86.ActiveCfg = Release|x86
		{426E47B2-A85E-4395-A36B-A9CE050278EA}.Release|x86.Build.0 = Release|x86
	EndGlobalSection
	GlobalSection(SolutionProperties) = preSolution
		HideSolutionNode = FALSE
	EndGlobalSection
	GlobalSection(NestedProjects) = preSolution
		{388A94D5-246F-4192-8C3E-89852F3181D6} = {2F55AC6A-1F35-43AB-B4C4-81E98F910695}
		{2F55AC6A-1F35-43AB-B4C4-81E98F910695} = {9E6BF1C2-CA41-4A1B-9ACE-FEFA05C94A02}
		{55761EA5-47D1-448D-98B0-FCC52A714B91} = {D5B79706-0EFB-4294-B5BE-E9CE5A5FD724}
		{C8C251EA-52C9-44F3-AC25-F7795DCCFBA0} = {D5B79706-0EFB-4294-B5BE-E9CE5A5FD724}
		{2EB76381-EA4C-43D1-9341-958C5FF6A8ED} = {D5B79706-0EFB-4294-B5BE-E9CE5A5FD724}
		{67F9D3A8-F71E-4428-913F-C37AE82CDB24} = {2F55AC6A-1F35-43AB-B4C4-81E98F910695}
		{426E47B2-A85E-4395-A36B-A9CE050278EA} = {2F55AC6A-1F35-43AB-B4C4-81E98F910695}
	EndGlobalSection
EndGlobal
