
Microsoft Visual Studio Solution File, Format Version 12.00
# Visual Studio 15
VisualStudioVersion = 15.0.26403.3
MinimumVisualStudioVersion = 10.0.40219.1
Project("{FAE04EC0-301F-11D3-BF4B-00C04F79EFBC}") = "Ammy.Test.Wpf", "test\Ammy.Test.Wpf\Ammy.Test.Wpf.csproj", "{1E37D588-ECDB-48A0-9658-9DF5BA5F5AC1}"
EndProject
Project("{FAE04EC0-301F-11D3-BF4B-00C04F79EFBC}") = "Ammy.Test.Workbench", "test\Ammy.Test.Workbench\Ammy.Test.Workbench.csproj", "{32CAA982-C97F-473E-8D8F-D1689582869E}"
EndProject
Project("{FAE04EC0-301F-11D3-BF4B-00C04F79EFBC}") = "Ammy.Test.Host", "test\Ammy.Test.Host\Ammy.Test.Host.csproj", "{6157E904-A45F-45C6-BC79-D57C284318DA}"
EndProject
Project("{FAE04EC0-301F-11D3-BF4B-00C04F79EFBC}") = "Ammy.Test.Uwp", "test\Ammy.Test.Uwp\Ammy.Test.Uwp.csproj", "{98301D94-7BBC-4953-B66F-EC761EF2EFBA}"
EndProject
Project("{FAE04EC0-301F-11D3-BF4B-00C04F79EFBC}") = "AmmysStackExchangeAggregator", "src\Samples\AmmysStackExchangeAggregator\AmmysStackExchangeAggregator.csproj", "{B9CD4210-E8E4-463E-9CD0-93A63E84D6AB}"
EndProject
Project("{FAE04EC0-301F-11D3-BF4B-00C04F79EFBC}") = "DataGridSample", "src\Samples\DataGridSample\DataGridSample.csproj", "{5B915277-BF63-4431-B1DC-C094158E2BC2}"
EndProject
Project("{FAE04EC0-301F-11D3-BF4B-00C04F79EFBC}") = "Ammy.Test.XamarinForms", "test\Ammy.Test.XamarinForms\Ammy.Test.XamarinForms.csproj", "{67F9D3A8-F71E-4428-913F-C37AE82CDB24}"
EndProject
Global
	GlobalSection(SolutionConfigurationPlatforms) = preSolution
		Debug|Any CPU = Debug|Any CPU
		Debug|ARM = Debug|ARM
		Debug|x64 = Debug|x64
		Debug|x86 = Debug|x86
		Release|Any CPU = Release|Any CPU
		Release|ARM = Release|ARM
		Release|x64 = Release|x64
		Release|x86 = Release|x86
	EndGlobalSection
	GlobalSection(ProjectConfigurationPlatforms) = postSolution
		{1E37D588-ECDB-48A0-9658-9DF5BA5F5AC1}.Debug|Any CPU.ActiveCfg = Debug|Any CPU
		{1E37D588-ECDB-48A0-9658-9DF5BA5F5AC1}.Debug|Any CPU.Build.0 = Debug|Any CPU
		{1E37D588-ECDB-48A0-9658-9DF5BA5F5AC1}.Debug|ARM.ActiveCfg = Debug|Any CPU
		{1E37D588-ECDB-48A0-9658-9DF5BA5F5AC1}.Debug|ARM.Build.0 = Debug|Any CPU
		{1E37D588-ECDB-48A0-9658-9DF5BA5F5AC1}.Debug|x64.ActiveCfg = Debug|Any CPU
		{1E37D588-ECDB-48A0-9658-9DF5BA5F5AC1}.Debug|x64.Build.0 = Debug|Any CPU
		{1E37D588-ECDB-48A0-9658-9DF5BA5F5AC1}.Debug|x86.ActiveCfg = Debug|Any CPU
		{1E37D588-ECDB-48A0-9658-9DF5BA5F5AC1}.Debug|x86.Build.0 = Debug|Any CPU
		{1E37D588-ECDB-48A0-9658-9DF5BA5F5AC1}.Release|Any CPU.ActiveCfg = Release|Any CPU
		{1E37D588-ECDB-48A0-9658-9DF5BA5F5AC1}.Release|Any CPU.Build.0 = Release|Any CPU
		{1E37D588-ECDB-48A0-9658-9DF5BA5F5AC1}.Release|ARM.ActiveCfg = Release|Any CPU
		{1E37D588-ECDB-48A0-9658-9DF5BA5F5AC1}.Release|ARM.Build.0 = Release|Any CPU
		{1E37D588-ECDB-48A0-9658-9DF5BA5F5AC1}.Release|x64.ActiveCfg = Release|Any CPU
		{1E37D588-ECDB-48A0-9658-9DF5BA5F5AC1}.Release|x64.Build.0 = Release|Any CPU
		{1E37D588-ECDB-48A0-9658-9DF5BA5F5AC1}.Release|x86.ActiveCfg = Release|Any CPU
		{1E37D588-ECDB-48A0-9658-9DF5BA5F5AC1}.Release|x86.Build.0 = Release|Any CPU
		{32CAA982-C97F-473E-8D8F-D1689582869E}.Debug|Any CPU.ActiveCfg = Debug|Any CPU
		{32CAA982-C97F-473E-8D8F-D1689582869E}.Debug|Any CPU.Build.0 = Debug|Any CPU
		{32CAA982-C97F-473E-8D8F-D1689582869E}.Debug|ARM.ActiveCfg = Debug|Any CPU
		{32CAA982-C97F-473E-8D8F-D1689582869E}.Debug|ARM.Build.0 = Debug|Any CPU
		{32CAA982-C97F-473E-8D8F-D1689582869E}.Debug|x64.ActiveCfg = Debug|Any CPU
		{32CAA982-C97F-473E-8D8F-D1689582869E}.Debug|x64.Build.0 = Debug|Any CPU
		{32CAA982-C97F-473E-8D8F-D1689582869E}.Debug|x86.ActiveCfg = Debug|Any CPU
		{32CAA982-C97F-473E-8D8F-D1689582869E}.Debug|x86.Build.0 = Debug|Any CPU
		{32CAA982-C97F-473E-8D8F-D1689582869E}.Release|Any CPU.ActiveCfg = Release|Any CPU
		{32CAA982-C97F-473E-8D8F-D1689582869E}.Release|Any CPU.Build.0 = Release|Any CPU
		{32CAA982-C97F-473E-8D8F-D1689582869E}.Release|ARM.ActiveCfg = Release|Any CPU
		{32CAA982-C97F-473E-8D8F-D1689582869E}.Release|ARM.Build.0 = Release|Any CPU
		{32CAA982-C97F-473E-8D8F-D1689582869E}.Release|x64.ActiveCfg = Release|Any CPU
		{32CAA982-C97F-473E-8D8F-D1689582869E}.Release|x64.Build.0 = Release|Any CPU
		{32CAA982-C97F-473E-8D8F-D1689582869E}.Release|x86.ActiveCfg = Release|Any CPU
		{32CAA982-C97F-473E-8D8F-D1689582869E}.Release|x86.Build.0 = Release|Any CPU
		{6157E904-A45F-45C6-BC79-D57C284318DA}.Debug|Any CPU.ActiveCfg = Debug|Any CPU
		{6157E904-A45F-45C6-BC79-D57C284318DA}.Debug|Any CPU.Build.0 = Debug|Any CPU
		{6157E904-A45F-45C6-BC79-D57C284318DA}.Debug|ARM.ActiveCfg = Debug|Any CPU
		{6157E904-A45F-45C6-BC79-D57C284318DA}.Debug|ARM.Build.0 = Debug|Any CPU
		{6157E904-A45F-45C6-BC79-D57C284318DA}.Debug|x64.ActiveCfg = Debug|Any CPU
		{6157E904-A45F-45C6-BC79-D57C284318DA}.Debug|x64.Build.0 = Debug|Any CPU
		{6157E904-A45F-45C6-BC79-D57C284318DA}.Debug|x86.ActiveCfg = Debug|Any CPU
		{6157E904-A45F-45C6-BC79-D57C284318DA}.Debug|x86.Build.0 = Debug|Any CPU
		{6157E904-A45F-45C6-BC79-D57C284318DA}.Release|Any CPU.ActiveCfg = Release|Any CPU
		{6157E904-A45F-45C6-BC79-D57C284318DA}.Release|Any CPU.Build.0 = Release|Any CPU
		{6157E904-A45F-45C6-BC79-D57C284318DA}.Release|ARM.ActiveCfg = Release|Any CPU
		{6157E904-A45F-45C6-BC79-D57C284318DA}.Release|ARM.Build.0 = Release|Any CPU
		{6157E904-A45F-45C6-BC79-D57C284318DA}.Release|x64.ActiveCfg = Release|Any CPU
		{6157E904-A45F-45C6-BC79-D57C284318DA}.Release|x64.Build.0 = Release|Any CPU
		{6157E904-A45F-45C6-BC79-D57C284318DA}.Release|x86.ActiveCfg = Release|Any CPU
		{6157E904-A45F-45C6-BC79-D57C284318DA}.Release|x86.Build.0 = Release|Any CPU
		{98301D94-7BBC-4953-B66F-EC761EF2EFBA}.Debug|Any CPU.ActiveCfg = Debug|x86
		{98301D94-7BBC-4953-B66F-EC761EF2EFBA}.Debug|Any CPU.Build.0 = Debug|x86
		{98301D94-7BBC-4953-B66F-EC761EF2EFBA}.Debug|Any CPU.Deploy.0 = Debug|x86
		{98301D94-7BBC-4953-B66F-EC761EF2EFBA}.Debug|ARM.ActiveCfg = Debug|ARM
		{98301D94-7BBC-4953-B66F-EC761EF2EFBA}.Debug|ARM.Build.0 = Debug|ARM
		{98301D94-7BBC-4953-B66F-EC761EF2EFBA}.Debug|ARM.Deploy.0 = Debug|ARM
		{98301D94-7BBC-4953-B66F-EC761EF2EFBA}.Debug|x64.ActiveCfg = Debug|x64
		{98301D94-7BBC-4953-B66F-EC761EF2EFBA}.Debug|x64.Build.0 = Debug|x64
		{98301D94-7BBC-4953-B66F-EC761EF2EFBA}.Debug|x64.Deploy.0 = Debug|x64
		{98301D94-7BBC-4953-B66F-EC761EF2EFBA}.Debug|x86.ActiveCfg = Debug|x86
		{98301D94-7BBC-4953-B66F-EC761EF2EFBA}.Debug|x86.Build.0 = Debug|x86
		{98301D94-7BBC-4953-B66F-EC761EF2EFBA}.Debug|x86.Deploy.0 = Debug|x86
		{98301D94-7BBC-4953-B66F-EC761EF2EFBA}.Release|Any CPU.ActiveCfg = Release|x86
		{98301D94-7BBC-4953-B66F-EC761EF2EFBA}.Release|ARM.ActiveCfg = Release|ARM
		{98301D94-7BBC-4953-B66F-EC761EF2EFBA}.Release|ARM.Build.0 = Release|ARM
		{98301D94-7BBC-4953-B66F-EC761EF2EFBA}.Release|ARM.Deploy.0 = Release|ARM
		{98301D94-7BBC-4953-B66F-EC761EF2EFBA}.Release|x64.ActiveCfg = Release|x64
		{98301D94-7BBC-4953-B66F-EC761EF2EFBA}.Release|x64.Build.0 = Release|x64
		{98301D94-7BBC-4953-B66F-EC761EF2EFBA}.Release|x64.Deploy.0 = Release|x64
		{98301D94-7BBC-4953-B66F-EC761EF2EFBA}.Release|x86.ActiveCfg = Release|x86
		{98301D94-7BBC-4953-B66F-EC761EF2EFBA}.Release|x86.Build.0 = Release|x86
		{98301D94-7BBC-4953-B66F-EC761EF2EFBA}.Release|x86.Deploy.0 = Release|x86
		{B9CD4210-E8E4-463E-9CD0-93A63E84D6AB}.Debug|Any CPU.ActiveCfg = Debug|Any CPU
		{B9CD4210-E8E4-463E-9CD0-93A63E84D6AB}.Debug|Any CPU.Build.0 = Debug|Any CPU
		{B9CD4210-E8E4-463E-9CD0-93A63E84D6AB}.Debug|ARM.ActiveCfg = Debug|Any CPU
		{B9CD4210-E8E4-463E-9CD0-93A63E84D6AB}.Debug|ARM.Build.0 = Debug|Any CPU
		{B9CD4210-E8E4-463E-9CD0-93A63E84D6AB}.Debug|x64.ActiveCfg = Debug|Any CPU
		{B9CD4210-E8E4-463E-9CD0-93A63E84D6AB}.Debug|x64.Build.0 = Debug|Any CPU
		{B9CD4210-E8E4-463E-9CD0-93A63E84D6AB}.Debug|x86.ActiveCfg = Debug|Any CPU
		{B9CD4210-E8E4-463E-9CD0-93A63E84D6AB}.Debug|x86.Build.0 = Debug|Any CPU
		{B9CD4210-E8E4-463E-9CD0-93A63E84D6AB}.Release|Any CPU.ActiveCfg = Release|Any CPU
		{B9CD4210-E8E4-463E-9CD0-93A63E84D6AB}.Release|Any CPU.Build.0 = Release|Any CPU
		{B9CD4210-E8E4-463E-9CD0-93A63E84D6AB}.Release|ARM.ActiveCfg = Release|Any CPU
		{B9CD4210-E8E4-463E-9CD0-93A63E84D6AB}.Release|ARM.Build.0 = Release|Any CPU
		{B9CD4210-E8E4-463E-9CD0-93A63E84D6AB}.Release|x64.ActiveCfg = Release|Any CPU
		{B9CD4210-E8E4-463E-9CD0-93A63E84D6AB}.Release|x64.Build.0 = Release|Any CPU
		{B9CD4210-E8E4-463E-9CD0-93A63E84D6AB}.Release|x86.ActiveCfg = Release|Any CPU
		{B9CD4210-E8E4-463E-9CD0-93A63E84D6AB}.Release|x86.Build.0 = Release|Any CPU
		{5B915277-BF63-4431-B1DC-C094158E2BC2}.Debug|Any CPU.ActiveCfg = Debug|Any CPU
		{5B915277-BF63-4431-B1DC-C094158E2BC2}.Debug|Any CPU.Build.0 = Debug|Any CPU
		{5B915277-BF63-4431-B1DC-C094158E2BC2}.Debug|ARM.ActiveCfg = Debug|Any CPU
		{5B915277-BF63-4431-B1DC-C094158E2BC2}.Debug|ARM.Build.0 = Debug|Any CPU
		{5B915277-BF63-4431-B1DC-C094158E2BC2}.Debug|x64.ActiveCfg = Debug|Any CPU
		{5B915277-BF63-4431-B1DC-C094158E2BC2}.Debug|x64.Build.0 = Debug|Any CPU
		{5B915277-BF63-4431-B1DC-C094158E2BC2}.Debug|x86.ActiveCfg = Debug|Any CPU
		{5B915277-BF63-4431-B1DC-C094158E2BC2}.Debug|x86.Build.0 = Debug|Any CPU
		{5B915277-BF63-4431-B1DC-C094158E2BC2}.Release|Any CPU.ActiveCfg = Release|Any CPU
		{5B915277-BF63-4431-B1DC-C094158E2BC2}.Release|Any CPU.Build.0 = Release|Any CPU
		{5B915277-BF63-4431-B1DC-C094158E2BC2}.Release|ARM.ActiveCfg = Release|Any CPU
		{5B915277-BF63-4431-B1DC-C094158E2BC2}.Release|ARM.Build.0 = Release|Any CPU
		{5B915277-BF63-4431-B1DC-C094158E2BC2}.Release|x64.ActiveCfg = Release|Any CPU
		{5B915277-BF63-4431-B1DC-C094158E2BC2}.Release|x64.Build.0 = Release|Any CPU
		{5B915277-BF63-4431-B1DC-C094158E2BC2}.Release|x86.ActiveCfg = Release|Any CPU
		{5B915277-BF63-4431-B1DC-C094158E2BC2}.Release|x86.Build.0 = Release|Any CPU
		{67F9D3A8-F71E-4428-913F-C37AE82CDB24}.Debug|Any CPU.ActiveCfg = Debug|Any CPU
		{67F9D3A8-F71E-4428-913F-C37AE82CDB24}.Debug|Any CPU.Build.0 = Debug|Any CPU
		{67F9D3A8-F71E-4428-913F-C37AE82CDB24}.Debug|ARM.ActiveCfg = Debug|Any CPU
		{67F9D3A8-F71E-4428-913F-C37AE82CDB24}.Debug|ARM.Build.0 = Debug|Any CPU
		{67F9D3A8-F71E-4428-913F-C37AE82CDB24}.Debug|x64.ActiveCfg = Debug|Any CPU
		{67F9D3A8-F71E-4428-913F-C37AE82CDB24}.Debug|x64.Build.0 = Debug|Any CPU
		{67F9D3A8-F71E-4428-913F-C37AE82CDB24}.Debug|x86.ActiveCfg = Debug|Any CPU
		{67F9D3A8-F71E-4428-913F-C37AE82CDB24}.Debug|x86.Build.0 = Debug|Any CPU
		{67F9D3A8-F71E-4428-913F-C37AE82CDB24}.Release|Any CPU.ActiveCfg = Release|Any CPU
		{67F9D3A8-F71E-4428-913F-C37AE82CDB24}.Release|Any CPU.Build.0 = Release|Any CPU
		{67F9D3A8-F71E-4428-913F-C37AE82CDB24}.Release|ARM.ActiveCfg = Release|Any CPU
		{67F9D3A8-F71E-4428-913F-C37AE82CDB24}.Release|ARM.Build.0 = Release|Any CPU
		{67F9D3A8-F71E-4428-913F-C37AE82CDB24}.Release|x64.ActiveCfg = Release|Any CPU
		{67F9D3A8-F71E-4428-913F-C37AE82CDB24}.Release|x64.Build.0 = Release|Any CPU
		{67F9D3A8-F71E-4428-913F-C37AE82CDB24}.Release|x86.ActiveCfg = Release|Any CPU
		{67F9D3A8-F71E-4428-913F-C37AE82CDB24}.Release|x86.Build.0 = Release|Any CPU
	EndGlobalSection
	GlobalSection(SolutionProperties) = preSolution
		HideSolutionNode = FALSE
	EndGlobalSection
EndGlobal
