
Microsoft Visual Studio Solution File, Format Version 12.00
# Visual Studio 14
VisualStudioVersion = 14.0.25123.0
MinimumVisualStudioVersion = 10.0.40219.1
Project("{FAE04EC0-301F-11D3-BF4B-00C04F79EFBC}") = "Ammy.Build", "Ammy.Build.csproj", "{B53B5DC5-26FE-42E6-8919-517C8688376F}"
EndProject
Global
	GlobalSection(SolutionConfigurationPlatforms) = preSolution
		Debug|Any CPU = Debug|Any CPU
		Release|Any CPU = Release|Any CPU
	EndGlobalSection
	GlobalSection(ProjectConfigurationPlatforms) = postSolution
		{B53B5DC5-26FE-42E6-8919-517C8688376F}.Debug|Any CPU.ActiveCfg = Debug|Any CPU
		{B53B5DC5-26FE-42E6-8919-517C8688376F}.Debug|Any CPU.Build.0 = Debug|Any CPU
		{B53B5DC5-26FE-42E6-8919-517C8688376F}.Release|Any CPU.ActiveCfg = Release|Any CPU
		{B53B5DC5-26FE-42E6-8919-517C8688376F}.Release|Any CPU.Build.0 = Release|Any CPU
	EndGlobalSection
	GlobalSection(SolutionProperties) = preSolution
		HideSolutionNode = FALSE
	EndGlobalSection
EndGlobal
